
Microsoft Visual Studio Solution File, Format Version 12.00
# Visual Studio Version 17
VisualStudioVersion = 17.14.36401.2 d17.14
MinimumVisualStudioVersion = 10.0.40219.1
Project("{FAE04EC0-301F-11D3-BF4B-00C04F79EFBC}") = "PossiLicence", "PossiLicence\PossiLicence.csproj", "{ABDDB5E3-8BEB-461F-AA68-09131E95E2A4}"
EndProject
Global
	GlobalSection(SolutionConfigurationPlatforms) = preSolution
		Debug|Any CPU = Debug|Any CPU
		Release|Any CPU = Release|Any CPU
	EndGlobalSection
	GlobalSection(ProjectConfigurationPlatforms) = postSolution
		{ABDDB5E3-8BEB-461F-AA68-09131E95E2A4}.Debug|Any CPU.ActiveCfg = Debug|Any CPU
		{ABDDB5E3-8BEB-461F-AA68-09131E95E2A4}.Debug|Any CPU.Build.0 = Debug|Any CPU
		{ABDDB5E3-8BEB-461F-AA68-09131E95E2A4}.Release|Any CPU.ActiveCfg = Release|Any CPU
		{ABDDB5E3-8BEB-461F-AA68-09131E95E2A4}.Release|Any CPU.Build.0 = Release|Any CPU
	EndGlobalSection
	GlobalSection(SolutionProperties) = preSolution
		HideSolutionNode = FALSE
	EndGlobalSection
	GlobalSection(ExtensibilityGlobals) = postSolution
		SolutionGuid = {B02A220C-91A1-4AE2-AFA0-0B9BB8FAF9C1}
	EndGlobalSection
EndGlobal
